{
  "name": "example",
  "version": "1.0.0",
  "lockfileVersion": 2,
  "requires": true,
  "packages": {
    "": {
      "name": "example",
      "version": "1.0.0",
      "license": "ISC",
      "dependencies": {
        "nedayer": "file:.."
      }
    },
    "..": {
      "version": "1.0.0",
      "license": "ISC"
    },
    "node_modules/nedayer": {
      "resolved": "..",
      "link": true
    }
  },
  "dependencies": {
    "nedayer": {
      "version": "file:.."
    }
  }
}
